github.com/golang/snappy v1.0.0 h1:Oy607GVXHs7RtbggtPBnr2RmDArIsAefDwvrdWvRhGs=
github.com/golang/snappy v1.0.0/go.mod h1:/XxbfmMg8lxefKM7IXC3fBNl/7bRcc72aCRzEWrmP2Q=
github.com/mattn/go-sqlite3 v1.14.44 h1:3VSe+xafpbzsLbdr2AWlAZk9yRHiBhTBakioXaCKTF8=
github.com/mattn/go-sqlite3 v1.14.44/go.mod h1:pjEuOr8IwzLJP2MfGeTb0A35jauH+C2kbHKBr7yXKVQ=
github.com/yay101/embeddb v1.11.0 h1:nMm1pW2u3lHUNsN5e8WYxfflbcaxjD1j1eVI0otpcPE=
github.com/yay101/embeddb v1.11.0/go.mod h1:bD2xiZL8U16t+bpUVM79hfwA+cVuqKFTl9mwCAkc3oU=
github.com/yay101/embeddbcore v0.5.5 h1:b+gd7O9ZnJJQZC+9mXUAXmZLXap5j/19zfDC3MDAdXw=
github.com/yay101/embeddbcore v0.5.5/go.mod h1:lUAbYOm+zaTjhO9ABKoyWpPHE8zsD4sOfaM2noNNs1o=
github.com/yay101/embeddbmmap v0.1.2 h1:QtKG/9VCSu1yXigHlGpgfnSxw2DZ4tFtT8aku6AXNTw=
github.com/yay101/embeddbmmap v0.1.2/go.mod h1:rEypeVToP1O8XqD/WEw438T9z19Hi9bdnpSnR4hOpNk=
golang.org/x/sys v0.43.0 h1:Rlag2XtaFTxp19wS8MXlJwTvoh8ArU6ezoyFsMyCTNI=
golang.org/x/sys v0.43.0/go.mod h1:4GL1E5IUh+htKOUEOaiffhrAeqysfVGipDYzABqnCmw=
